Microsoft Visual Studio Solution File, Format Version 12.00
# Visual Studio Version 17
VisualStudioVersion = 17.5.2.0
MinimumVisualStudioVersion = 10.0.40219.1
Project("{FAE04EC0-301F-11D3-BF4B-00C04F79EFBC}") = "Agent Framework Demo", "Agent Framework Demo.csproj", "{C70833D7-382D-146E-DA6B-C4221E435296}"
EndProject
Global
	GlobalSection(SolutionConfigurationPlatforms) = preSolution
		Debug|Any CPU = Debug|Any CPU
		Release|Any CPU = Release|Any CPU
	EndGlobalSection
	GlobalSection(ProjectConfigurationPlatforms) = postSolution
		{C70833D7-382D-146E-DA6B-C4221E435296}.Debug|Any CPU.ActiveCfg = Debug|Any CPU
		{C70833D7-382D-146E-DA6B-C4221E435296}.Debug|Any CPU.Build.0 = Debug|Any CPU
		{C70833D7-382D-146E-DA6B-C4221E435296}.Release|Any CPU.ActiveCfg = Release|Any CPU
		{C70833D7-382D-146E-DA6B-C4221E435296}.Release|Any CPU.Build.0 = Release|Any CPU
	EndGlobalSection
	GlobalSection(SolutionProperties) = preSolution
		HideSolutionNode = FALSE
	EndGlobalSection
	GlobalSection(ExtensibilityGlobals) = postSolution
		SolutionGuid = {1E826286-490C-4E0F-97B1-479C82133EB3}
	EndGlobalSection
EndGlobal
